// !$*UTF8*$!
{
	archiveVersion = 1;
	classes = {
	};
	objectVersion = 50;
	objects = {

/* Begin PBXBuildFile section */
		B121116F230C8BDC00014375 /* AppDelegate.swift in Sources */ = {isa = PBXBuildFile; fileRef = B121116E230C8BDC00014375 /* AppDelegate.swift */; };
		B1211171230C8BDC00014375 /* IDadTableViewController.swift in Sources */ = {isa = PBXBuildFile; fileRef = B1211170230C8BDC00014375 /* IDadTableViewController.swift */; };
		B1211174230C8BDC00014375 /* Main.storyboard in Resources */ = {isa = PBXBuildFile; fileRef = B1211172230C8BDC00014375 /* Main.storyboard */; };
		B1211176230C8BDD00014375 /* Assets.xcassets in Resources */ = {isa = PBXBuildFile; fileRef = B1211175230C8BDD00014375 /* Assets.xcassets */; };
		B1211179230C8BDD00014375 /* LaunchScreen.storyboard in Resources */ = {isa = PBXBuildFile; fileRef = B1211177230C8BDD00014375 /* LaunchScreen.storyboard */; };
		B1211184230C8BDD00014375 /* iDadTests.swift in Sources */ = {isa = PBXBuildFile; fileRef = B1211183230C8BDD00014375 /* iDadTests.swift */; };
		B1211193230C962600014375 /* IDadProfileTableViewController.swift in Sources */ = {isa = PBXBuildFile; fileRef = B1211192230C962600014375 /* IDadProfileTableViewController.swift */; };
		B1211195230C994A00014375 /* IDadViewModel.swift in Sources */ = {isa = PBXBuildFile; fileRef = B1211194230C994A00014375 /* IDadViewModel.swift */; };
		B14FA7A6231D862200635939 /* IDadList.swift in Sources */ = {isa = PBXBuildFile; fileRef = B14FA7A4231D862200635939 /* IDadList.swift */; };
		B14FA7A7231D862200635939 /* IDad.swift in Sources */ = {isa = PBXBuildFile; fileRef = B14FA7A5231D862200635939 /* IDad.swift */; };
		B1744E5623123DC20037413F /* BookViewModel.swift in Sources */ = {isa = PBXBuildFile; fileRef = B1744E5523123DC20037413F /* BookViewModel.swift */; };
		B1744E582312472F0037413F /* VideosRowController.swift in Sources */ = {isa = PBXBuildFile; fileRef = B1744E572312472F0037413F /* VideosRowController.swift */; };
		B1744E5C231248790037413F /* QuotesRowController.swift in Sources */ = {isa = PBXBuildFile; fileRef = B1744E5B231248790037413F /* QuotesRowController.swift */; };
		B175900C230CB4540033C005 /* IDadTableViewCell.swift in Sources */ = {isa = PBXBuildFile; fileRef = B175900A230CB4540033C005 /* IDadTableViewCell.swift */; };
		B175900D230CB4540033C005 /* IDadTableViewCell.xib in Resources */ = {isa = PBXBuildFile; fileRef = B175900B230CB4540033C005 /* IDadTableViewCell.xib */; };
		B175900F230CD0690033C005 /* utilities.swift in Sources */ = {isa = PBXBuildFile; fileRef = B175900E230CD0690033C005 /* utilities.swift */; };
		B1759015230CD3790033C005 /* IDadListViewModel.swift in Sources */ = {isa = PBXBuildFile; fileRef = B1759014230CD3790033C005 /* IDadListViewModel.swift */; };
		B1759017230D16D30033C005 /* CollectionViewTableViewCell.swift in Sources */ = {isa = PBXBuildFile; fileRef = B1759016230D16D30033C005 /* CollectionViewTableViewCell.swift */; };
		B175901A230E53120033C005 /* VideoCollectionViewCell.swift in Sources */ = {isa = PBXBuildFile; fileRef = B1759018230E53120033C005 /* VideoCollectionViewCell.swift */; };
		B175901B230E53120033C005 /* VideoCollectionViewCell.xib in Resources */ = {isa = PBXBuildFile; fileRef = B1759019230E53120033C005 /* VideoCollectionViewCell.xib */; };
		B175901E230E71760033C005 /* QuoteCollectionViewCell.swift in Sources */ = {isa = PBXBuildFile; fileRef = B175901C230E71760033C005 /* QuoteCollectionViewCell.swift */; };
		B175901F230E71760033C005 /* QuoteCollectionViewCell.xib in Resources */ = {isa = PBXBuildFile; fileRef = B175901D230E71760033C005 /* QuoteCollectionViewCell.xib */; };
		B1759021230E78070033C005 /* BooksRowController.swift in Sources */ = {isa = PBXBuildFile; fileRef = B1759020230E78070033C005 /* BooksRowController.swift */; };
		B1759026230F178D0033C005 /* BookCollectionViewCell.swift in Sources */ = {isa = PBXBuildFile; fileRef = B1759024230F178D0033C005 /* BookCollectionViewCell.swift */; };
		B1759027230F178D0033C005 /* BookCollectionViewCell.xib in Resources */ = {isa = PBXBuildFile; fileRef = B1759025230F178D0033C005 /* BookCollectionViewCell.xib */; };
		B175902A230F1B2E0033C005 /* WebKit.framework in Frameworks */ = {isa = PBXBuildFile; fileRef = B1759029230F1B2E0033C005 /* WebKit.framework */; };
		B1A6AFFC2317A61900B19FDF /* BackendService.swift in Sources */ = {isa = PBXBuildFile; fileRef = B1A6AFFB2317A61900B19FDF /* BackendService.swift */; };
		B1A6AFFF2317AA3F00B19FDF /* BackendRequest.swift in Sources */ = {isa = PBXBuildFile; fileRef = B1A6AFFE2317AA3F00B19FDF /* BackendRequest.swift */; };
		B1A6B0012317AAE700B19FDF /* BackendGetIDadsRequest.swift in Sources */ = {isa = PBXBuildFile; fileRef = B1A6B0002317AAE700B19FDF /* BackendGetIDadsRequest.swift */; };
		B1A6B0032317ACE600B19FDF /* IDad.pb.swift in Sources */ = {isa = PBXBuildFile; fileRef = B1A6B0022317ACE600B19FDF /* IDad.pb.swift */; };
		B1A6B009231868B900B19FDF /* SwiftProtobuf.framework in Frameworks */ = {isa = PBXBuildFile; fileRef = B1A6B008231868B900B19FDF /* SwiftProtobuf.framework */; };
/* End PBXBuildFile section */

/* Begin PBXContainerItemProxy section */
		B1211180230C8BDD00014375 /* PBXContainerItemProxy */ = {
			isa = PBXContainerItemProxy;
			containerPortal = B1211163230C8BDC00014375 /* Project object */;
			proxyType = 1;
			remoteGlobalIDString = B121116A230C8BDC00014375;
			remoteInfo = iDad;
		};
/* End PBXContainerItemProxy section */

/* Begin PBXFileReference section */
		B121116B230C8BDC00014375 /* iDad.app */ = {isa = PBXFileReference; explicitFileType = wrapper.application; includeInIndex = 0; path = iDad.app; sourceTree = BUILT_PRODUCTS_DIR; };
		B121116E230C8BDC00014375 /* AppDelegate.swift */ = {isa = PBXFileReference; lastKnownFileType = sourcecode.swift; path = AppDelegate.swift; sourceTree = "<group>"; };
		B1211170230C8BDC00014375 /* IDadTableViewController.swift */ = {isa = PBXFileReference; lastKnownFileType = sourcecode.swift; path = IDadTableViewController.swift; sourceTree = "<group>"; };
		B1211173230C8BDC00014375 /* Base */ = {isa = PBXFileReference; lastKnownFileType = file.storyboard; name = Base; path = Base.lproj/Main.storyboard; sourceTree = "<group>"; };
		B1211175230C8BDD00014375 /* Assets.xcassets */ = {isa = PBXFileReference; lastKnownFileType = folder.assetcatalog; path = Assets.xcassets; sourceTree = "<group>"; };
		B1211178230C8BDD00014375 /* Base */ = {isa = PBXFileReference; lastKnownFileType = file.storyboard; name = Base; path = Base.lproj/LaunchScreen.storyboard; sourceTree = "<group>"; };
		B121117A230C8BDD00014375 /* Info.plist */ = {isa = PBXFileReference; lastKnownFileType = text.plist.xml; path = Info.plist; sourceTree = "<group>"; };
		B121117F230C8BDD00014375 /* iDadTests.xctest */ = {isa = PBXFileReference; explicitFileType = wrapper.cfbundle; includeInIndex = 0; path = iDadTests.xctest; sourceTree = BUILT_PRODUCTS_DIR; };
		B1211183230C8BDD00014375 /* iDadTests.swift */ = {isa = PBXFileReference; lastKnownFileType = sourcecode.swift; path = iDadTests.swift; sourceTree = "<group>"; };
		B1211185230C8BDD00014375 /* Info.plist */ = {isa = PBXFileReference; lastKnownFileType = text.plist.xml; path = Info.plist; sourceTree = "<group>"; };
		B1211192230C962600014375 /* IDadProfileTableViewController.swift */ = {isa = PBXFileReference; lastKnownFileType = sourcecode.swift; path = IDadProfileTableViewController.swift; sourceTree = "<group>"; };
		B1211194230C994A00014375 /* IDadViewModel.swift */ = {isa = PBXFileReference; lastKnownFileType = sourcecode.swift; path = IDadViewModel.swift; sourceTree = "<group>"; };
		B14FA7A4231D862200635939 /* IDadList.swift */ = {isa = PBXFileReference; fileEncoding = 4; lastKnownFileType = sourcecode.swift; path = IDadList.swift; sourceTree = "<group>"; };
		B14FA7A5231D862200635939 /* IDad.swift */ = {isa = PBXFileReference; fileEncoding = 4; lastKnownFileType = sourcecode.swift; path = IDad.swift; sourceTree = "<group>"; };
		B1744E5523123DC20037413F /* BookViewModel.swift */ = {isa = PBXFileReference; lastKnownFileType = sourcecode.swift; path = BookViewModel.swift; sourceTree = "<group>"; };
		B1744E572312472F0037413F /* VideosRowController.swift */ = {isa = PBXFileReference; lastKnownFileType = sourcecode.swift; path = VideosRowController.swift; sourceTree = "<group>"; };
		B1744E5B231248790037413F /* QuotesRowController.swift */ = {isa = PBXFileReference; lastKnownFileType = sourcecode.swift; path = QuotesRowController.swift; sourceTree = "<group>"; };
		B175900A230CB4540033C005 /* IDadTableViewCell.swift */ = {isa = PBXFileReference; lastKnownFileType = sourcecode.swift; path = IDadTableViewCell.swift; sourceTree = "<group>"; };
		B175900B230CB4540033C005 /* IDadTableViewCell.xib */ = {isa = PBXFileReference; lastKnownFileType = file.xib; path = IDadTableViewCell.xib; sourceTree = "<group>"; };
		B175900E230CD0690033C005 /* utilities.swift */ = {isa = PBXFileReference; lastKnownFileType = sourcecode.swift; path = utilities.swift; sourceTree = "<group>"; };
		B1759014230CD3790033C005 /* IDadListViewModel.swift */ = {isa = PBXFileReference; lastKnownFileType = sourcecode.swift; path = IDadListViewModel.swift; sourceTree = "<group>"; };
		B1759016230D16D30033C005 /* CollectionViewTableViewCell.swift */ = {isa = PBXFileReference; lastKnownFileType = sourcecode.swift; name = CollectionViewTableViewCell.swift; path = "iDad/Views/TableView cells/CollectionViewTableViewCell.swift"; sourceTree = SOURCE_ROOT; };
		B1759018230E53120033C005 /* VideoCollectionViewCell.swift */ = {isa = PBXFileReference; lastKnownFileType = sourcecode.swift; path = VideoCollectionViewCell.swift; sourceTree = "<group>"; };
		B1759019230E53120033C005 /* VideoCollectionViewCell.xib */ = {isa = PBXFileReference; lastKnownFileType = file.xib; path = VideoCollectionViewCell.xib; sourceTree = "<group>"; };
		B175901C230E71760033C005 /* QuoteCollectionViewCell.swift */ = {isa = PBXFileReference; lastKnownFileType = sourcecode.swift; path = QuoteCollectionViewCell.swift; sourceTree = "<group>"; };
		B175901D230E71760033C005 /* QuoteCollectionViewCell.xib */ = {isa = PBXFileReference; lastKnownFileType = file.xib; path = QuoteCollectionViewCell.xib; sourceTree = "<group>"; };
		B1759020230E78070033C005 /* BooksRowController.swift */ = {isa = PBXFileReference; lastKnownFileType = sourcecode.swift; path = BooksRowController.swift; sourceTree = "<group>"; };
		B1759024230F178D0033C005 /* BookCollectionViewCell.swift */ = {isa = PBXFileReference; lastKnownFileType = sourcecode.swift; path = BookCollectionViewCell.swift; sourceTree = "<group>"; };
		B1759025230F178D0033C005 /* BookCollectionViewCell.xib */ = {isa = PBXFileReference; lastKnownFileType = file.xib; path = BookCollectionViewCell.xib; sourceTree = "<group>"; };
		B1759029230F1B2E0033C005 /* WebKit.framework */ = {isa = PBXFileReference; lastKnownFileType = wrapper.framework; name = WebKit.framework; path = System/Library/Frameworks/WebKit.framework; sourceTree = SDKROOT; };
		B1A6AFFB2317A61900B19FDF /* BackendService.swift */ = {isa = PBXFileReference; lastKnownFileType = sourcecode.swift; path = BackendService.swift; sourceTree = "<group>"; };
		B1A6AFFE2317AA3F00B19FDF /* BackendRequest.swift */ = {isa = PBXFileReference; lastKnownFileType = sourcecode.swift; path = BackendRequest.swift; sourceTree = "<group>"; };
		B1A6B0002317AAE700B19FDF /* BackendGetIDadsRequest.swift */ = {isa = PBXFileReference; lastKnownFileType = sourcecode.swift; path = BackendGetIDadsRequest.swift; sourceTree = "<group>"; };
		B1A6B0022317ACE600B19FDF /* IDad.pb.swift */ = {isa = PBXFileReference; fileEncoding = 4; lastKnownFileType = sourcecode.swift; path = IDad.pb.swift; sourceTree = "<group>"; };
		B1A6B008231868B900B19FDF /* SwiftProtobuf.framework */ = {isa = PBXFileReference; lastKnownFileType = wrapper.framework; name = SwiftProtobuf.framework; path = Carthage/Build/iOS/SwiftProtobuf.framework; sourceTree = "<group>"; };
/* End PBXFileReference section */

/* Begin PBXFrameworksBuildPhase section */
		B1211168230C8BDC00014375 /* Frameworks */ = {
			isa = PBXFrameworksBuildPhase;
			buildActionMask = 2147483647;
			files = (
				B175902A230F1B2E0033C005 /* WebKit.framework in Frameworks */,
				B1A6B009231868B900B19FDF /* SwiftProtobuf.framework in Frameworks */,
			);
			runOnlyForDeploymentPostprocessing = 0;
		};
		B121117C230C8BDD00014375 /* Frameworks */ = {
			isa = PBXFrameworksBuildPhase;
			buildActionMask = 2147483647;
			files = (
			);
			runOnlyForDeploymentPostprocessing = 0;
		};
/* End PBXFrameworksBuildPhase section */

/* Begin PBXGroup section */
		B1211162230C8BDC00014375 = {
			isa = PBXGroup;
			children = (
				B1A6B008231868B900B19FDF /* SwiftProtobuf.framework */,
				B121116D230C8BDC00014375 /* iDad */,
				B1211182230C8BDD00014375 /* iDadTests */,
				B121116C230C8BDC00014375 /* Products */,
				B1759028230F1B2E0033C005 /* Frameworks */,
			);
			sourceTree = "<group>";
		};
		B121116C230C8BDC00014375 /* Products */ = {
			isa = PBXGroup;
			children = (
				B121116B230C8BDC00014375 /* iDad.app */,
				B121117F230C8BDD00014375 /* iDadTests.xctest */,
			);
			name = Products;
			sourceTree = "<group>";
		};
		B121116D230C8BDC00014375 /* iDad */ = {
			isa = PBXGroup;
			children = (
				B121116E230C8BDC00014375 /* AppDelegate.swift */,
				B1744E5A231247A50037413F /* Controllers */,
				B1744E5223121BDB0037413F /* Models */,
				B1759011230CD0EE0033C005 /* ViewModels */,
				B1759012230CD1110033C005 /* Views */,
				B1A6AFFD2317A62000B19FDF /* Network */,
				B1759013230CD1300033C005 /* utils */,
				B1211172230C8BDC00014375 /* Main.storyboard */,
				B1211175230C8BDD00014375 /* Assets.xcassets */,
				B1211177230C8BDD00014375 /* LaunchScreen.storyboard */,
				B121117A230C8BDD00014375 /* Info.plist */,
			);
			path = iDad;
			sourceTree = "<group>";
		};
		B1211182230C8BDD00014375 /* iDadTests */ = {
			isa = PBXGroup;
			children = (
				B1211183230C8BDD00014375 /* iDadTests.swift */,
				B1211185230C8BDD00014375 /* Info.plist */,
			);
			path = iDadTests;
			sourceTree = "<group>";
		};
		B1744E5223121BDB0037413F /* Models */ = {
			isa = PBXGroup;
			children = (
				B14FA7A4231D862200635939 /* IDadList.swift */,
				B14FA7A5231D862200635939 /* IDad.swift */,
				B1A6B0022317ACE600B19FDF /* IDad.pb.swift */,
			);
			path = Models;
			sourceTree = "<group>";
		};
		B1744E592312477C0037413F /* HelperControllers */ = {
			isa = PBXGroup;
			children = (
				B1744E572312472F0037413F /* VideosRowController.swift */,
				B1744E5B231248790037413F /* QuotesRowController.swift */,
				B1759020230E78070033C005 /* BooksRowController.swift */,
			);
			path = HelperControllers;
			sourceTree = "<group>";
		};
		B1744E5A231247A50037413F /* Controllers */ = {
			isa = PBXGroup;
			children = (
				B1759010230CD0D40033C005 /* ViewControllers */,
				B1744E592312477C0037413F /* HelperControllers */,
			);
			path = Controllers;
			sourceTree = "<group>";
		};
		B1759010230CD0D40033C005 /* ViewControllers */ = {
			isa = PBXGroup;
			children = (
				B1211170230C8BDC00014375 /* IDadTableViewController.swift */,
				B1211192230C962600014375 /* IDadProfileTableViewController.swift */,
			);
			path = ViewControllers;
			sourceTree = "<group>";
		};
		B1759011230CD0EE0033C005 /* ViewModels */ = {
			isa = PBXGroup;
			children = (
				B1759014230CD3790033C005 /* IDadListViewModel.swift */,
				B1211194230C994A00014375 /* IDadViewModel.swift */,
				B1744E5523123DC20037413F /* BookViewModel.swift */,
			);
			path = ViewModels;
			sourceTree = "<group>";
		};
		B1759012230CD1110033C005 /* Views */ = {
			isa = PBXGroup;
			children = (
				B1759022230F16E60033C005 /* TableView cells */,
				B1759023230F17570033C005 /* CollectionView cells */,
			);
			path = Views;
			sourceTree = "<group>";
		};
		B1759013230CD1300033C005 /* utils */ = {
			isa = PBXGroup;
			children = (
				B175900E230CD0690033C005 /* utilities.swift */,
			);
			path = utils;
			sourceTree = "<group>";
		};
		B1759022230F16E60033C005 /* TableView cells */ = {
			isa = PBXGroup;
			children = (
				B1759016230D16D30033C005 /* CollectionViewTableViewCell.swift */,
				B175900A230CB4540033C005 /* IDadTableViewCell.swift */,
				B175900B230CB4540033C005 /* IDadTableViewCell.xib */,
			);
			path = "TableView cells";
			sourceTree = "<group>";
		};
		B1759023230F17570033C005 /* CollectionView cells */ = {
			isa = PBXGroup;
			children = (
				B1759018230E53120033C005 /* VideoCollectionViewCell.swift */,
				B1759019230E53120033C005 /* VideoCollectionViewCell.xib */,
				B175901C230E71760033C005 /* QuoteCollectionViewCell.swift */,
				B175901D230E71760033C005 /* QuoteCollectionViewCell.xib */,
				B1759024230F178D0033C005 /* BookCollectionViewCell.swift */,
				B1759025230F178D0033C005 /* BookCollectionViewCell.xib */,
			);
			path = "CollectionView cells";
			sourceTree = "<group>";
		};
		B1759028230F1B2E0033C005 /* Frameworks */ = {
			isa = PBXGroup;
			children = (
				B1759029230F1B2E0033C005 /* WebKit.framework */,
			);
			name = Frameworks;
			sourceTree = "<group>";
		};
		B1A6AFFD2317A62000B19FDF /* Network */ = {
			isa = PBXGroup;
			children = (
				B1A6AFFB2317A61900B19FDF /* BackendService.swift */,
				B1A6AFFE2317AA3F00B19FDF /* BackendRequest.swift */,
				B1A6B0002317AAE700B19FDF /* BackendGetIDadsRequest.swift */,
			);
			path = Network;
			sourceTree = "<group>";
		};
/* End PBXGroup section */

/* Begin PBXNativeTarget section */
		B121116A230C8BDC00014375 /* iDad */ = {
			isa = PBXNativeTarget;
			buildConfigurationList = B1211188230C8BDD00014375 /* Build configuration list for PBXNativeTarget "iDad" */;
			buildPhases = (
				B1211167230C8BDC00014375 /* Sources */,
				B1211168230C8BDC00014375 /* Frameworks */,
				B1211169230C8BDC00014375 /* Resources */,
				B1A6B00A231868F600B19FDF /* ShellScript */,
			);
			buildRules = (
			);
			dependencies = (
			);
			name = iDad;
			productName = iDad;
			productReference = B121116B230C8BDC00014375 /* iDad.app */;
			productType = "com.apple.product-type.application";
		};
		B121117E230C8BDD00014375 /* iDadTests */ = {
			isa = PBXNativeTarget;
			buildConfigurationList = B121118B230C8BDD00014375 /* Build configuration list for PBXNativeTarget "iDadTests" */;
			buildPhases = (
				B121117B230C8BDD00014375 /* Sources */,
				B121117C230C8BDD00014375 /* Frameworks */,
				B121117D230C8BDD00014375 /* Resources */,
			);
			buildRules = (
			);
			dependencies = (
				B1211181230C8BDD00014375 /* PBXTargetDependency */,
			);
			name = iDadTests;
			productName = iDadTests;
			productReference = B121117F230C8BDD00014375 /* iDadTests.xctest */;
			productType = "com.apple.product-type.bundle.unit-test";
		};
/* End PBXNativeTarget section */

/* Begin PBXProject section */
		B1211163230C8BDC00014375 /* Project object */ = {
			isa = PBXProject;
			attributes = {
				LastSwiftUpdateCheck = 1030;
				LastUpgradeCheck = 1030;
				ORGANIZATIONNAME = uly;
				TargetAttributes = {
					B121116A230C8BDC00014375 = {
						CreatedOnToolsVersion = 10.3;
					};
					B121117E230C8BDD00014375 = {
						CreatedOnToolsVersion = 10.3;
						TestTargetID = B121116A230C8BDC00014375;
					};
				};
			};
			buildConfigurationList = B1211166230C8BDC00014375 /* Build configuration list for PBXProject "iDad" */;
			compatibilityVersion = "Xcode 9.3";
			developmentRegion = en;
			hasScannedForEncodings = 0;
			knownRegions = (
				en,
				Base,
			);
			mainGroup = B1211162230C8BDC00014375;
			productRefGroup = B121116C230C8BDC00014375 /* Products */;
			projectDirPath = "";
			projectRoot = "";
			targets = (
				B121116A230C8BDC00014375 /* iDad */,
				B121117E230C8BDD00014375 /* iDadTests */,
			);
		};
/* End PBXProject section */

/* Begin PBXResourcesBuildPhase section */
		B1211169230C8BDC00014375 /* Resources */ = {
			isa = PBXResourcesBuildPhase;
			buildActionMask = 2147483647;
			files = (
				B1211179230C8BDD00014375 /* LaunchScreen.storyboard in Resources */,
				B1211176230C8BDD00014375 /* Assets.xcassets in Resources */,
				B175901B230E53120033C005 /* VideoCollectionViewCell.xib in Resources */,
				B1211174230C8BDC00014375 /* Main.storyboard in Resources */,
				B175900D230CB4540033C005 /* IDadTableViewCell.xib in Resources */,
				B175901F230E71760033C005 /* QuoteCollectionViewCell.xib in Resources */,
				B1759027230F178D0033C005 /* BookCollectionViewCell.xib in Resources */,
			);
			runOnlyForDeploymentPostprocessing = 0;
		};
		B121117D230C8BDD00014375 /* Resources */ = {
			isa = PBXResourcesBuildPhase;
			buildActionMask = 2147483647;
			files = (
			);
			runOnlyForDeploymentPostprocessing = 0;
		};
/* End PBXResourcesBuildPhase section */

/* Begin PBXShellScriptBuildPhase section */
		B1A6B00A231868F600B19FDF /* ShellScript */ = {
			isa = PBXShellScriptBuildPhase;
			buildActionMask = 2147483647;
			files = (
			);
			inputFileListPaths = (
			);
			inputPaths = (
				"$(SRCROOT)/Carthage/Build/iOS/SwiftProtobuf.framework",
			);
			outputFileListPaths = (
			);
			outputPaths = (
				"$(BUILT_PRODUCTS_DIR)/$(FRAMEWORKS_FOLDER_PATH)/SwiftProtobuf.framework",
			);
			runOnlyForDeploymentPostprocessing = 0;
			shellPath = /bin/sh;
			shellScript = "# Type a script or drag a script file from your workspace to insert its path.\n/usr/local/bin/carthage copy-frameworks\n";
		};
/* End PBXShellScriptBuildPhase section */

/* Begin PBXSourcesBuildPhase section */
		B1211167230C8BDC00014375 /* Sources */ = {
			isa = PBXSourcesBuildPhase;
			buildActionMask = 2147483647;
			files = (
				B175901A230E53120033C005 /* VideoCollectionViewCell.swift in Sources */,
				B175900F230CD0690033C005 /* utilities.swift in Sources */,
				B1211171230C8BDC00014375 /* IDadTableViewController.swift in Sources */,
				B1759017230D16D30033C005 /* CollectionViewTableViewCell.swift in Sources */,
				B1744E5623123DC20037413F /* BookViewModel.swift in Sources */,
				B1759015230CD3790033C005 /* IDadListViewModel.swift in Sources */,
				B1744E5C231248790037413F /* QuotesRowController.swift in Sources */,
				B175900C230CB4540033C005 /* IDadTableViewCell.swift in Sources */,
				B1A6AFFC2317A61900B19FDF /* BackendService.swift in Sources */,
				B14FA7A6231D862200635939 /* IDadList.swift in Sources */,
				B1211195230C994A00014375 /* IDadViewModel.swift in Sources */,
				B1744E582312472F0037413F /* VideosRowController.swift in Sources */,
				B14FA7A7231D862200635939 /* IDad.swift in Sources */,
				B1A6AFFF2317AA3F00B19FDF /* BackendRequest.swift in Sources */,
				B175901E230E71760033C005 /* QuoteCollectionViewCell.swift in Sources */,
				B1211193230C962600014375 /* IDadProfileTableViewController.swift in Sources */,
				B1759026230F178D0033C005 /* BookCollectionViewCell.swift in Sources */,
				B1A6B0012317AAE700B19FDF /* BackendGetIDadsRequest.swift in Sources */,
				B121116F230C8BDC00014375 /* AppDelegate.swift in Sources */,
				B1A6B0032317ACE600B19FDF /* IDad.pb.swift in Sources */,
				B1759021230E78070033C005 /* BooksRowController.swift in Sources */,
			);
			runOnlyForDeploymentPostprocessing = 0;
		};
		B121117B230C8BDD00014375 /* Sources */ = {
			isa = PBXSourcesBuildPhase;
			buildActionMask = 2147483647;
			files = (
				B1211184230C8BDD00014375 /* iDadTests.swift in Sources */,
			);
			runOnlyForDeploymentPostprocessing = 0;
		};
/* End PBXSourcesBuildPhase section */

/* Begin PBXTargetDependency section */
		B1211181230C8BDD00014375 /* PBXTargetDependency */ = {
			isa = PBXTargetDependency;
			target = B121116A230C8BDC00014375 /* iDad */;
			targetProxy = B1211180230C8BDD00014375 /* PBXContainerItemProxy */;
		};
/* End PBXTargetDependency section */

/* Begin PBXVariantGroup section */
		B1211172230C8BDC00014375 /* Main.storyboard */ = {
			isa = PBXVariantGroup;
			children = (
				B1211173230C8BDC00014375 /* Base */,
			);
			name = Main.storyboard;
			sourceTree = "<group>";
		};
		B1211177230C8BDD00014375 /* LaunchScreen.storyboard */ = {
			isa = PBXVariantGroup;
			children = (
				B1211178230C8BDD00014375 /* Base */,
			);
			name = LaunchScreen.storyboard;
			sourceTree = "<group>";
		};
/* End PBXVariantGroup section */

/* Begin XCBuildConfiguration section */
		B1211186230C8BDD00014375 /* Debug */ = {
			isa = XCBuildConfiguration;
			buildSettings = {
				ALWAYS_SEARCH_USER_PATHS = NO;
				CLANG_ANALYZER_NONNULL = YES;
				CLANG_ANALYZER_NUMBER_OBJECT_CONVERSION = YES_AGGRESSIVE;
				CLANG_CXX_LANGUAGE_STANDARD = "gnu++14";
				CLANG_CXX_LIBRARY = "libc++";
				CLANG_ENABLE_MODULES = YES;
				CLANG_ENABLE_OBJC_ARC = YES;
				CLANG_ENABLE_OBJC_WEAK = YES;
				CLANG_WARN_BLOCK_CAPTURE_AUTORELEASING = YES;
				CLANG_WARN_BOOL_CONVERSION = YES;
				CLANG_WARN_COMMA = YES;
				CLANG_WARN_CONSTANT_CONVERSION = YES;
				CLANG_WARN_DEPRECATED_OBJC_IMPLEMENTATIONS = YES;
				CLANG_WARN_DIRECT_OBJC_ISA_USAGE = YES_ERROR;
				CLANG_WARN_DOCUMENTATION_COMMENTS = YES;
				CLANG_WARN_EMPTY_BODY = YES;
				CLANG_WARN_ENUM_CONVERSION = YES;
				CLANG_WARN_INFINITE_RECURSION = YES;
				CLANG_WARN_INT_CONVERSION = YES;
				CLANG_WARN_NON_LITERAL_NULL_CONVERSION = YES;
				CLANG_WARN_OBJC_IMPLICIT_RETAIN_SELF = YES;
				CLANG_WARN_OBJC_LITERAL_CONVERSION = YES;
				CLANG_WARN_OBJC_ROOT_CLASS = YES_ERROR;
				CLANG_WARN_RANGE_LOOP_ANALYSIS = YES;
				CLANG_WARN_STRICT_PROTOTYPES = YES;
				CLANG_WARN_SUSPICIOUS_MOVE = YES;
				CLANG_WARN_UNGUARDED_AVAILABILITY = YES_AGGRESSIVE;
				CLANG_WARN_UNREACHABLE_CODE = YES;
				CLANG_WARN__DUPLICATE_METHOD_MATCH = YES;
				CODE_SIGN_IDENTITY = "iPhone Developer";
				COPY_PHASE_STRIP = NO;
				DEBUG_INFORMATION_FORMAT = dwarf;
				ENABLE_STRICT_OBJC_MSGSEND = YES;
				ENABLE_TESTABILITY = YES;
				GCC_C_LANGUAGE_STANDARD = gnu11;
				GCC_DYNAMIC_NO_PIC = NO;
				GCC_NO_COMMON_BLOCKS = YES;
				GCC_OPTIMIZATION_LEVEL = 0;
				GCC_PREPROCESSOR_DEFINITIONS = (
					"DEBUG=1",
					"$(inherited)",
				);
				GCC_WARN_64_TO_32_BIT_CONVERSION = YES;
				GCC_WARN_ABOUT_RETURN_TYPE = YES_ERROR;
				GCC_WARN_UNDECLARED_SELECTOR = YES;
				GCC_WARN_UNINITIALIZED_AUTOS = YES_AGGRESSIVE;
				GCC_WARN_UNUSED_FUNCTION = YES;
				GCC_WARN_UNUSED_VARIABLE = YES;
				IPHONEOS_DEPLOYMENT_TARGET = 12.4;
				MTL_ENABLE_DEBUG_INFO = INCLUDE_SOURCE;
				MTL_FAST_MATH = YES;
				ONLY_ACTIVE_ARCH = YES;
				SDKROOT = iphoneos;
				SWIFT_ACTIVE_COMPILATION_CONDITIONS = DEBUG;
				SWIFT_OPTIMIZATION_LEVEL = "-Onone";
			};
			name = Debug;
		};
		B1211187230C8BDD00014375 /* Release */ = {
			isa = XCBuildConfiguration;
			buildSettings = {
				ALWAYS_SEARCH_USER_PATHS = NO;
				CLANG_ANALYZER_NONNULL = YES;
				CLANG_ANALYZER_NUMBER_OBJECT_CONVERSION = YES_AGGRESSIVE;
				CLANG_CXX_LANGUAGE_STANDARD = "gnu++14";
				CLANG_CXX_LIBRARY = "libc++";
				CLANG_ENABLE_MODULES = YES;
				CLANG_ENABLE_OBJC_ARC = YES;
				CLANG_ENABLE_OBJC_WEAK = YES;
				CLANG_WARN_BLOCK_CAPTURE_AUTORELEASING = YES;
				CLANG_WARN_BOOL_CONVERSION = YES;
				CLANG_WARN_COMMA = YES;
				CLANG_WARN_CONSTANT_CONVERSION = YES;
				CLANG_WARN_DEPRECATED_OBJC_IMPLEMENTATIONS = YES;
				CLANG_WARN_DIRECT_OBJC_ISA_USAGE = YES_ERROR;
				CLANG_WARN_DOCUMENTATION_COMMENTS = YES;
				CLANG_WARN_EMPTY_BODY = YES;
				CLANG_WARN_ENUM_CONVERSION = YES;
				CLANG_WARN_INFINITE_RECURSION = YES;
				CLANG_WARN_INT_CONVERSION = YES;
				CLANG_WARN_NON_LITERAL_NULL_CONVERSION = YES;
				CLANG_WARN_OBJC_IMPLICIT_RETAIN_SELF = YES;
				CLANG_WARN_OBJC_LITERAL_CONVERSION = YES;
				CLANG_WARN_OBJC_ROOT_CLASS = YES_ERROR;
				CLANG_WARN_RANGE_LOOP_ANALYSIS = YES;
				CLANG_WARN_STRICT_PROTOTYPES = YES;
				CLANG_WARN_SUSPICIOUS_MOVE = YES;
				CLANG_WARN_UNGUARDED_AVAILABILITY = YES_AGGRESSIVE;
				CLANG_WARN_UNREACHABLE_CODE = YES;
				CLANG_WARN__DUPLICATE_METHOD_MATCH = YES;
				CODE_SIGN_IDENTITY = "iPhone Developer";
				COPY_PHASE_STRIP = NO;
				DEBUG_INFORMATION_FORMAT = "dwarf-with-dsym";
				ENABLE_NS_ASSERTIONS = NO;
				ENABLE_STRICT_OBJC_MSGSEND = YES;
				GCC_C_LANGUAGE_STANDARD = gnu11;
				GCC_NO_COMMON_BLOCKS = YES;
				GCC_WARN_64_TO_32_BIT_CONVERSION = YES;
				GCC_WARN_ABOUT_RETURN_TYPE = YES_ERROR;
				GCC_WARN_UNDECLARED_SELECTOR = YES;
				GCC_WARN_UNINITIALIZED_AUTOS = YES_AGGRESSIVE;
				GCC_WARN_UNUSED_FUNCTION = YES;
				GCC_WARN_UNUSED_VARIABLE = YES;
				IPHONEOS_DEPLOYMENT_TARGET = 12.4;
				MTL_ENABLE_DEBUG_INFO = NO;
				MTL_FAST_MATH = YES;
				SDKROOT = iphoneos;
				SWIFT_COMPILATION_MODE = wholemodule;
				SWIFT_OPTIMIZATION_LEVEL = "-O";
				VALIDATE_PRODUCT = YES;
			};
			name = Release;
		};
		B1211189230C8BDD00014375 /* Debug */ = {
			isa = XCBuildConfiguration;
			buildSettings = {
				ASSETCATALOG_COMPILER_APPICON_NAME = AppIcon;
				CODE_SIGN_STYLE = Automatic;
				DEVELOPMENT_TEAM = 65NB8C7JBQ;
				FRAMEWORK_SEARCH_PATHS = (
					"$(inherited)",
					"$(PROJECT_DIR)/Carthage/Build/iOS",
				);
				INFOPLIST_FILE = iDad/Info.plist;
				LD_RUNPATH_SEARCH_PATHS = (
					"$(inherited)",
					"@executable_path/Frameworks",
				);
				PRODUCT_BUNDLE_IDENTIFIER = ulyCast.iDad;
				PRODUCT_NAME = "$(TARGET_NAME)";
				SWIFT_VERSION = 5.0;
				TARGETED_DEVICE_FAMILY = "1,2";
			};
			name = Debug;
		};
		B121118A230C8BDD00014375 /* Release */ = {
			isa = XCBuildConfiguration;
			buildSettings = {
				ASSETCATALOG_COMPILER_APPICON_NAME = AppIcon;
				CODE_SIGN_STYLE = Automatic;
				DEVELOPMENT_TEAM = 65NB8C7JBQ;
				FRAMEWORK_SEARCH_PATHS = (
					"$(inherited)",
					"$(PROJECT_DIR)/Carthage/Build/iOS",
				);
				INFOPLIST_FILE = iDad/Info.plist;
				LD_RUNPATH_SEARCH_PATHS = (
					"$(inherited)",
					"@executable_path/Frameworks",
				);
				PRODUCT_BUNDLE_IDENTIFIER = ulyCast.iDad;
				PRODUCT_NAME = "$(TARGET_NAME)";
				SWIFT_VERSION = 5.0;
				TARGETED_DEVICE_FAMILY = "1,2";
			};
			name = Release;
		};
		B121118C230C8BDD00014375 /* Debug */ = {
			isa = XCBuildConfiguration;
			buildSettings = {
				ALWAYS_EMBED_SWIFT_STANDARD_LIBRARIES = YES;
				BUNDLE_LOADER = "$(TEST_HOST)";
				CODE_SIGN_STYLE = Automatic;
				DEVELOPMENT_TEAM = LYY8G3XRDA;
				INFOPLIST_FILE = iDadTests/Info.plist;
				LD_RUNPATH_SEARCH_PATHS = (
					"$(inherited)",
					"@executable_path/Frameworks",
					"@loader_path/Frameworks",
				);
				PRODUCT_BUNDLE_IDENTIFIER = ulyCast.iDadTests;
				PRODUCT_NAME = "$(TARGET_NAME)";
				SWIFT_VERSION = 5.0;
				TARGETED_DEVICE_FAMILY = "1,2";
				TEST_HOST = "$(BUILT_PRODUCTS_DIR)/iDad.app/iDad";
			};
			name = Debug;
		};
		B121118D230C8BDD00014375 /* Release */ = {
			isa = XCBuildConfiguration;
			buildSettings = {
				ALWAYS_EMBED_SWIFT_STANDARD_LIBRARIES = YES;
				BUNDLE_LOADER = "$(TEST_HOST)";
				CODE_SIGN_STYLE = Automatic;
				DEVELOPMENT_TEAM = LYY8G3XRDA;
				INFOPLIST_FILE = iDadTests/Info.plist;
				LD_RUNPATH_SEARCH_PATHS = (
					"$(inherited)",
					"@executable_path/Frameworks",
					"@loader_path/Frameworks",
				);
				PRODUCT_BUNDLE_IDENTIFIER = ulyCast.iDadTests;
				PRODUCT_NAME = "$(TARGET_NAME)";
				SWIFT_VERSION = 5.0;
				TARGETED_DEVICE_FAMILY = "1,2";
				TEST_HOST = "$(BUILT_PRODUCTS_DIR)/iDad.app/iDad";
			};
			name = Release;
		};
/* End XCBuildConfiguration section */

/* Begin XCConfigurationList section */
		B1211166230C8BDC00014375 /* Build configuration list for PBXProject "iDad" */ = {
			isa = XCConfigurationList;
			buildConfigurations = (
				B1211186230C8BDD00014375 /* Debug */,
				B1211187230C8BDD00014375 /* Release */,
			);
			defaultConfigurationIsVisible = 0;
			defaultConfigurationName = Release;
		};
		B1211188230C8BDD00014375 /* Build configuration list for PBXNativeTarget "iDad" */ = {
			isa = XCConfigurationList;
			buildConfigurations = (
				B1211189230C8BDD00014375 /* Debug */,
				B121118A230C8BDD00014375 /* Release */,
			);
			defaultConfigurationIsVisible = 0;
			defaultConfigurationName = Release;
		};
		B121118B230C8BDD00014375 /* Build configuration list for PBXNativeTarget "iDadTests" */ = {
			isa = XCConfigurationList;
			buildConfigurations = (
				B121118C230C8BDD00014375 /* Debug */,
				B121118D230C8BDD00014375 /* Release */,
			);
			defaultConfigurationIsVisible = 0;
			defaultConfigurationName = Release;
		};
/* End XCConfigurationList section */
	};
	rootObject = B1211163230C8BDC00014375 /* Project object */;
}
